{
  "version": 4,
  "terraform_version": "1.15.8",
  "serial": 6,
  "lineage": "7cce95d3-ce64-0082-a154-58ba417b0d63",
  "outputs": {
    "resource_group_location": {
      "value": "centralindia",
      "type": "string"
    },
    "resource_group_name": {
      "value": "employee-rg",
      "type": "string"
    }
  },
  "resources": [
    {
      "mode": "data",
      "type": "azurerm_client_config",
      "name": "current",
      "provider": "provider[\"registry.terraform.io/hashicorp/azurerm\"]",
      "instances": [
        {
          "schema_version": 0,
          "attributes": {
            "client_id": "04b07795-8ddb-461a-bbee-02f9e1bf7b46",
            "id": "Y2xpZW50Q29uZmlncy9jbGllbnRJZD0wNGIwNzc5NS04ZGRiLTQ2MWEtYmJlZS0wMmY5ZTFiZjdiNDY7b2JqZWN0SWQ9ZWFkMDU0MmMtZDcyMC00OGZkLWIyOWUtYTU3YmQ4NGE4ZGE4O3N1YnNjcmlwdGlvbklkPWQ0MWMzMmE2LWIwYTgtNGU3Ny1hNjk5LTk2MTg4YmRjMzBhYTt0ZW5hbnRJZD0zMzQ1MDZlNS1lNGYyLTQ2NTYtOTQ5YS1kNDI4N2E3NWQzM2Q=",
            "object_id": "ead0542c-d720-48fd-b29e-a57bd84a8da8",
            "subscription_id": "d41c32a6-b0a8-4e77-a699-96188bdc30aa",
            "tenant_id": "334506e5-e4f2-4656-949a-d4287a75d33d",
            "timeouts": null
          },
          "sensitive_attributes": [],
          "identity_schema_version": 0
        }
      ]
    },
    {
      "mode": "managed",
      "type": "azurerm_resource_group",
      "name": "employee_rg",
      "provider": "provider[\"registry.terraform.io/hashicorp/azurerm\"]",
      "instances": [
        {
          "schema_version": 0,
          "attributes": {
            "id": "/subscriptions/d41c32a6-b0a8-4e77-a699-96188bdc30aa/resourceGroups/employee-rg",
            "location": "centralindia",
            "managed_by": "",
            "name": "employee-rg",
            "tags": {},
            "timeouts": null
          },
          "sensitive_attributes": [],
          "identity_schema_version": 0,
          "identity": {
            "name": "employee-rg",
            "subscription_id": "d41c32a6-b0a8-4e77-a699-96188bdc30aa"
          },
          "private": "eyJlMmJmYjczMC1lY2FhLTExZTYtOGY4OC0zNDM2M2JjN2M0YzAiOnsiY3JlYXRlIjo1NDAwMDAwMDAwMDAwLCJkZWxldGUiOjU0MDAwMDAwMDAwMDAsInJlYWQiOjMwMDAwMDAwMDAwMCwidXBkYXRlIjo1NDAwMDAwMDAwMDAwfX0="
        }
      ]
    }
  ],
  "check_results": null
}
