{
  "version": 4,
  "terraform_version": "1.15.8",
  "serial": 5,
  "lineage": "7cce95d3-ce64-0082-a154-58ba417b0d63",
  "outputs": {
    "resource_group_location": {
      "value": "centralindia",
      "type": "string"
    },
    "resource_group_name": {
      "value": "employee-rg",
      "type": "string"
    }
  },
  "resources": [
    {
      "mode": "managed",
      "type": "azurerm_resource_group",
      "name": "employee_rg",
      "provider": "provider[\"registry.terraform.io/hashicorp/azurerm\"]",
      "instances": [
        {
          "schema_version": 0,
          "attributes": {
            "id": "/subscriptions/d41c32a6-b0a8-4e77-a699-96188bdc30aa/resourceGroups/employee-rg",
            "location": "centralindia",
            "managed_by": "",
            "name": "employee-rg",
            "tags": null,
            "timeouts": null
          },
          "sensitive_attributes": [],
          "identity_schema_version": 0,
          "identity": {
            "name": "employee-rg",
            "subscription_id": "d41c32a6-b0a8-4e77-a699-96188bdc30aa"
          },
          "private": "eyJlMmJmYjczMC1lY2FhLTExZTYtOGY4OC0zNDM2M2JjN2M0YzAiOnsiY3JlYXRlIjo1NDAwMDAwMDAwMDAwLCJkZWxldGUiOjU0MDAwMDAwMDAwMDAsInJlYWQiOjMwMDAwMDAwMDAwMCwidXBkYXRlIjo1NDAwMDAwMDAwMDAwfX0="
        }
      ]
    }
  ],
  "check_results": null
}
